
Microsoft Visual Studio Solution File, Format Version 12.00
# Visual Studio Version 16
VisualStudioVersion = 16.0.29001.49
MinimumVisualStudioVersion = 10.0.40219.1
Project("{FAE04EC0-301F-11D3-BF4B-00C04F79EFBC}") = "UnityDemo", "UnityDemo\UnityDemo.csproj", "{938D3924-3E28-4582-B8A2-D6858D111703}"
EndProject
Project("{FAE04EC0-301F-11D3-BF4B-00C04F79EFBC}") = "UnitTestProject", "UnitTestProject\UnitTestProject.csproj", "{65EFB62C-F52F-4B1D-9AF8-55DF13DF1F64}"
EndProject
Project("{FAE04EC0-301F-11D3-BF4B-00C04F79EFBC}") = "ConsoleAppTest", "ConsoleAppTest1\ConsoleAppTest.csproj", "{ED49E22B-20E6-474E-A7CA-BE3F64E6FFA7}"
EndProject
Project("{2150E333-8FDC-42A3-9474-1A3956D46DE8}") = "Spring.netDemo", "Spring.netDemo", "{0F17569D-C4F4-4AC0-A32E-ED81C78010D3}"
EndProject
Project("{FAE04EC0-301F-11D3-BF4B-00C04F79EFBC}") = "MovieFinder", "MovieFinder\MovieFinder.csproj", "{A78FB4FB-7C20-4E35-BDB6-A4CACFF57F6C}"
EndProject
Project("{2150E333-8FDC-42A3-9474-1A3956D46DE8}") = "SqliteDemo", "SqliteDemo", "{D86C102F-7A2F-4478-B225-E0DF6652ED1B}"
EndProject
Project("{FAE04EC0-301F-11D3-BF4B-00C04F79EFBC}") = "ConsoleAppSqliteEF", "ConsoleAppSqliteEF\ConsoleAppSqliteEF.csproj", "{44FEF11F-C49E-4FDB-91FA-CAB566C565EF}"
EndProject
Project("{2150E333-8FDC-42A3-9474-1A3956D46DE8}") = "PrismDemo", "PrismDemo", "{7887AC5F-3BF8-4408-BEF9-A36422166A3B}"
EndProject
Project("{FAE04EC0-301F-11D3-BF4B-00C04F79EFBC}") = "Prism.RegionsDemo", "Prism.RegionsDemo\Prism.RegionsDemo.csproj", "{E32E7D50-1DA3-4D2C-9003-8ACEC5289FC3}"
EndProject
Project("{FAE04EC0-301F-11D3-BF4B-00C04F79EFBC}") = "ModuleA", "ModuleA\ModuleA.csproj", "{D6251A34-DDAC-4FDC-8E8D-858710CFD557}"
EndProject
Project("{2150E333-8FDC-42A3-9474-1A3956D46DE8}") = "WPFLearning", "WPFLearning", "{EEA4F5C6-5B8F-41A5-9EF0-0FF064F11608}"
EndProject
Project("{FAE04EC0-301F-11D3-BF4B-00C04F79EFBC}") = "ValidationRuleDemo", "ValidationRuleDemo\ValidationRuleDemo.csproj", "{0F4F5B60-9D82-45D5-945B-1F073E23E10A}"
EndProject
Project("{2150E333-8FDC-42A3-9474-1A3956D46DE8}") = "ASPNETMVCDemo", "ASPNETMVCDemo", "{F3D85B42-D284-4E33-8E06-CF2B864E7E5B}"
EndProject
Project("{FAE04EC0-301F-11D3-BF4B-00C04F79EFBC}") = "FirstWebApplication", "FirstWebApplication\FirstWebApplication.csproj", "{B132353C-909E-4131-B9C0-FA57AEBC5594}"
EndProject
Project("{FAE04EC0-301F-11D3-BF4B-00C04F79EFBC}") = "FirstWebApplication.Tests", "FirstWebApplication.Tests\FirstWebApplication.Tests.csproj", "{A35A37C0-544E-43E2-903D-0D43D8E4D4A3}"
EndProject
Project("{FAE04EC0-301F-11D3-BF4B-00C04F79EFBC}") = "WebApiFirst", "WebApiFirst\WebApiFirst.csproj", "{58A8F6C6-48C8-4B5F-8979-FA2B24199308}"
EndProject
Project("{FAE04EC0-301F-11D3-BF4B-00C04F79EFBC}") = "WebApiFirst.Tests", "WebApiFirst.Tests\WebApiFirst.Tests.csproj", "{9E35520F-9D97-4545-A9A9-573451AF5E44}"
EndProject
Global
	GlobalSection(SolutionConfigurationPlatforms) = preSolution
		Debug|Any CPU = Debug|Any CPU
		Release|Any CPU = Release|Any CPU
	EndGlobalSection
	GlobalSection(ProjectConfigurationPlatforms) = postSolution
		{938D3924-3E28-4582-B8A2-D6858D111703}.Debug|Any CPU.ActiveCfg = Debug|Any CPU
		{938D3924-3E28-4582-B8A2-D6858D111703}.Debug|Any CPU.Build.0 = Debug|Any CPU
		{938D3924-3E28-4582-B8A2-D6858D111703}.Release|Any CPU.ActiveCfg = Release|Any CPU
		{938D3924-3E28-4582-B8A2-D6858D111703}.Release|Any CPU.Build.0 = Release|Any CPU
		{65EFB62C-F52F-4B1D-9AF8-55DF13DF1F64}.Debug|Any CPU.ActiveCfg = Debug|Any CPU
		{65EFB62C-F52F-4B1D-9AF8-55DF13DF1F64}.Debug|Any CPU.Build.0 = Debug|Any CPU
		{65EFB62C-F52F-4B1D-9AF8-55DF13DF1F64}.Release|Any CPU.ActiveCfg = Release|Any CPU
		{65EFB62C-F52F-4B1D-9AF8-55DF13DF1F64}.Release|Any CPU.Build.0 = Release|Any CPU
		{ED49E22B-20E6-474E-A7CA-BE3F64E6FFA7}.Debug|Any CPU.ActiveCfg = Debug|Any CPU
		{ED49E22B-20E6-474E-A7CA-BE3F64E6FFA7}.Debug|Any CPU.Build.0 = Debug|Any CPU
		{ED49E22B-20E6-474E-A7CA-BE3F64E6FFA7}.Release|Any CPU.ActiveCfg = Release|Any CPU
		{ED49E22B-20E6-474E-A7CA-BE3F64E6FFA7}.Release|Any CPU.Build.0 = Release|Any CPU
		{A78FB4FB-7C20-4E35-BDB6-A4CACFF57F6C}.Debug|Any CPU.ActiveCfg = Debug|Any CPU
		{A78FB4FB-7C20-4E35-BDB6-A4CACFF57F6C}.Debug|Any CPU.Build.0 = Debug|Any CPU
		{A78FB4FB-7C20-4E35-BDB6-A4CACFF57F6C}.Release|Any CPU.ActiveCfg = Release|Any CPU
		{A78FB4FB-7C20-4E35-BDB6-A4CACFF57F6C}.Release|Any CPU.Build.0 = Release|Any CPU
		{44FEF11F-C49E-4FDB-91FA-CAB566C565EF}.Debug|Any CPU.ActiveCfg = Debug|Any CPU
		{44FEF11F-C49E-4FDB-91FA-CAB566C565EF}.Debug|Any CPU.Build.0 = Debug|Any CPU
		{44FEF11F-C49E-4FDB-91FA-CAB566C565EF}.Release|Any CPU.ActiveCfg = Release|Any CPU
		{44FEF11F-C49E-4FDB-91FA-CAB566C565EF}.Release|Any CPU.Build.0 = Release|Any CPU
		{E32E7D50-1DA3-4D2C-9003-8ACEC5289FC3}.Debug|Any CPU.ActiveCfg = Debug|Any CPU
		{E32E7D50-1DA3-4D2C-9003-8ACEC5289FC3}.Debug|Any CPU.Build.0 = Debug|Any CPU
		{E32E7D50-1DA3-4D2C-9003-8ACEC5289FC3}.Release|Any CPU.ActiveCfg = Release|Any CPU
		{E32E7D50-1DA3-4D2C-9003-8ACEC5289FC3}.Release|Any CPU.Build.0 = Release|Any CPU
		{D6251A34-DDAC-4FDC-8E8D-858710CFD557}.Debug|Any CPU.ActiveCfg = Debug|Any CPU
		{D6251A34-DDAC-4FDC-8E8D-858710CFD557}.Debug|Any CPU.Build.0 = Debug|Any CPU
		{D6251A34-DDAC-4FDC-8E8D-858710CFD557}.Release|Any CPU.ActiveCfg = Release|Any CPU
		{D6251A34-DDAC-4FDC-8E8D-858710CFD557}.Release|Any CPU.Build.0 = Release|Any CPU
		{0F4F5B60-9D82-45D5-945B-1F073E23E10A}.Debug|Any CPU.ActiveCfg = Debug|Any CPU
		{0F4F5B60-9D82-45D5-945B-1F073E23E10A}.Debug|Any CPU.Build.0 = Debug|Any CPU
		{0F4F5B60-9D82-45D5-945B-1F073E23E10A}.Release|Any CPU.ActiveCfg = Release|Any CPU
		{0F4F5B60-9D82-45D5-945B-1F073E23E10A}.Release|Any CPU.Build.0 = Release|Any CPU
		{B132353C-909E-4131-B9C0-FA57AEBC5594}.Debug|Any CPU.ActiveCfg = Debug|Any CPU
		{B132353C-909E-4131-B9C0-FA57AEBC5594}.Debug|Any CPU.Build.0 = Debug|Any CPU
		{B132353C-909E-4131-B9C0-FA57AEBC5594}.Release|Any CPU.ActiveCfg = Release|Any CPU
		{B132353C-909E-4131-B9C0-FA57AEBC5594}.Release|Any CPU.Build.0 = Release|Any CPU
		{A35A37C0-544E-43E2-903D-0D43D8E4D4A3}.Debug|Any CPU.ActiveCfg = Debug|Any CPU
		{A35A37C0-544E-43E2-903D-0D43D8E4D4A3}.Debug|Any CPU.Build.0 = Debug|Any CPU
		{A35A37C0-544E-43E2-903D-0D43D8E4D4A3}.Release|Any CPU.ActiveCfg = Release|Any CPU
		{A35A37C0-544E-43E2-903D-0D43D8E4D4A3}.Release|Any CPU.Build.0 = Release|Any CPU
		{58A8F6C6-48C8-4B5F-8979-FA2B24199308}.Debug|Any CPU.ActiveCfg = Debug|Any CPU
		{58A8F6C6-48C8-4B5F-8979-FA2B24199308}.Debug|Any CPU.Build.0 = Debug|Any CPU
		{58A8F6C6-48C8-4B5F-8979-FA2B24199308}.Release|Any CPU.ActiveCfg = Release|Any CPU
		{58A8F6C6-48C8-4B5F-8979-FA2B24199308}.Release|Any CPU.Build.0 = Release|Any CPU
		{9E35520F-9D97-4545-A9A9-573451AF5E44}.Debug|Any CPU.ActiveCfg = Debug|Any CPU
		{9E35520F-9D97-4545-A9A9-573451AF5E44}.Debug|Any CPU.Build.0 = Debug|Any CPU
		{9E35520F-9D97-4545-A9A9-573451AF5E44}.Release|Any CPU.ActiveCfg = Release|Any CPU
		{9E35520F-9D97-4545-A9A9-573451AF5E44}.Release|Any CPU.Build.0 = Release|Any CPU
	EndGlobalSection
	GlobalSection(SolutionProperties) = preSolution
		HideSolutionNode = FALSE
	EndGlobalSection
	GlobalSection(NestedProjects) = preSolution
		{A78FB4FB-7C20-4E35-BDB6-A4CACFF57F6C} = {0F17569D-C4F4-4AC0-A32E-ED81C78010D3}
		{44FEF11F-C49E-4FDB-91FA-CAB566C565EF} = {D86C102F-7A2F-4478-B225-E0DF6652ED1B}
		{E32E7D50-1DA3-4D2C-9003-8ACEC5289FC3} = {7887AC5F-3BF8-4408-BEF9-A36422166A3B}
		{D6251A34-DDAC-4FDC-8E8D-858710CFD557} = {7887AC5F-3BF8-4408-BEF9-A36422166A3B}
		{0F4F5B60-9D82-45D5-945B-1F073E23E10A} = {EEA4F5C6-5B8F-41A5-9EF0-0FF064F11608}
		{B132353C-909E-4131-B9C0-FA57AEBC5594} = {F3D85B42-D284-4E33-8E06-CF2B864E7E5B}
		{A35A37C0-544E-43E2-903D-0D43D8E4D4A3} = {F3D85B42-D284-4E33-8E06-CF2B864E7E5B}
		{58A8F6C6-48C8-4B5F-8979-FA2B24199308} = {F3D85B42-D284-4E33-8E06-CF2B864E7E5B}
		{9E35520F-9D97-4545-A9A9-573451AF5E44} = {F3D85B42-D284-4E33-8E06-CF2B864E7E5B}
	EndGlobalSection
	GlobalSection(ExtensibilityGlobals) = postSolution
		SolutionGuid = {84B06B4F-1D7B-4A6B-8F77-5A4CB1A2ECC1}
	EndGlobalSection
EndGlobal
